
Microsoft Visual Studio Solution File, Format Version 12.00
# Visual Studio 14
VisualStudioVersion = 14.0.25420.1
MinimumVisualStudioVersion = 10.0.40219.1
Project("{FAE04EC0-301F-11D3-BF4B-00C04F79EFBC}") = "VeriYapısıProje2Ödev1", "VeriYapısıProje2Ödev1\VeriYapısıProje2Ödev1.csproj", "{36BDCF42-3857-4BB0-9D84-069C5985CBB3}"
EndProject
Global
	GlobalSection(SolutionConfigurationPlatforms) = preSolution
		Debug|Any CPU = Debug|Any CPU
		Release|Any CPU = Release|Any CPU
	EndGlobalSection
	GlobalSection(ProjectConfigurationPlatforms) = postSolution
		{36BDCF42-3857-4BB0-9D84-069C5985CBB3}.Debug|Any CPU.ActiveCfg = Debug|Any CPU
		{36BDCF42-3857-4BB0-9D84-069C5985CBB3}.Debug|Any CPU.Build.0 = Debug|Any CPU
		{36BDCF42-3857-4BB0-9D84-069C5985CBB3}.Release|Any CPU.ActiveCfg = Release|Any CPU
		{36BDCF42-3857-4BB0-9D84-069C5985CBB3}.Release|Any CPU.Build.0 = Release|Any CPU
	EndGlobalSection
	GlobalSection(SolutionProperties) = preSolution
		HideSolutionNode = FALSE
	EndGlobalSection
EndGlobal
